version = 1
revision = 3
requires-python = ">=3.9"

[[package]]
name = "cowsay"
version = "5.0"
source = { registry = "https://pypi.org/simple" }
sdist = { url = "https://files.pythonhosted.org/packages/6b/b8/9f497fd045d74fe21d91cbe8debae0b451229989e35b539d218547d79fc6/cowsay-5.0.tar.gz", hash = "sha256:c00e02444f5bc7332826686bd44d963caabbaba9a804a63153822edce62bbbf3", size = 25760, upload-time = "2022-06-22T01:21:41.932Z" }

[[package]]
name = "test-renovate-lockfile-update-semanticprefixfixdepschoreothers"
version = "0.0.0"
source = { virtual = "." }
dependencies = [
    { name = "cowsay" },
]

[package.metadata]
requires-dist = [{ name = "cowsay", specifier = ">=5.0" }]
